
Microsoft Visual Studio Solution File, Format Version 12.00
# Visual Studio Version 16
VisualStudioVersion = 16.0.31410.357
MinimumVisualStudioVersion = 10.0.40219.1
Project("{FAE04EC0-301F-11D3-BF4B-00C04F79EFBC}") = "PKAD-Hemo", "PKAD-Hemo\PKAD-Hemo.csproj", "{7000AF45-79CB-44E7-809A-1DFB7F92C4FF}"
EndProject
Global
	GlobalSection(SolutionConfigurationPlatforms) = preSolution
		Debug|Any CPU = Debug|Any CPU
		Release|Any CPU = Release|Any CPU
	EndGlobalSection
	GlobalSection(ProjectConfigurationPlatforms) = postSolution
		{7000AF45-79CB-44E7-809A-1DFB7F92C4FF}.Debug|Any CPU.ActiveCfg = Debug|Any CPU
		{7000AF45-79CB-44E7-809A-1DFB7F92C4FF}.Debug|Any CPU.Build.0 = Debug|Any CPU
		{7000AF45-79CB-44E7-809A-1DFB7F92C4FF}.Release|Any CPU.ActiveCfg = Release|Any CPU
		{7000AF45-79CB-44E7-809A-1DFB7F92C4FF}.Release|Any CPU.Build.0 = Release|Any CPU
	EndGlobalSection
	GlobalSection(SolutionProperties) = preSolution
		HideSolutionNode = FALSE
	EndGlobalSection
	GlobalSection(ExtensibilityGlobals) = postSolution
		SolutionGuid = {5B8E0369-86AB-46C4-BAF3-107E96B5467E}
	EndGlobalSection
EndGlobal
